
Microsoft Visual Studio Solution File, Format Version 12.00
# Visual Studio Version 17
VisualStudioVersion = 17.13.35931.197 d17.13
MinimumVisualStudioVersion = 10.0.40219.1
Project("{FAE04EC0-301F-11D3-BF4B-00C04F79EFBC}") = "ArraySortVisualization", "ArraySortVisualization\ArraySortVisualization.csproj", "{B5856D44-B339-46A4-AFF7-3EE4CBBE620C}"
EndProject
Global
	GlobalSection(SolutionConfigurationPlatforms) = preSolution
		Debug|Any CPU = Debug|Any CPU
		Release|Any CPU = Release|Any CPU
	EndGlobalSection
	GlobalSection(ProjectConfigurationPlatforms) = postSolution
		{B5856D44-B339-46A4-AFF7-3EE4CBBE620C}.Debug|Any CPU.ActiveCfg = Debug|Any CPU
		{B5856D44-B339-46A4-AFF7-3EE4CBBE620C}.Debug|Any CPU.Build.0 = Debug|Any CPU
		{B5856D44-B339-46A4-AFF7-3EE4CBBE620C}.Release|Any CPU.ActiveCfg = Release|Any CPU
		{B5856D44-B339-46A4-AFF7-3EE4CBBE620C}.Release|Any CPU.Build.0 = Release|Any CPU
	EndGlobalSection
	GlobalSection(SolutionProperties) = preSolution
		HideSolutionNode = FALSE
	EndGlobalSection
	GlobalSection(ExtensibilityGlobals) = postSolution
		SolutionGuid = {EF9EE9C1-0339-4FD8-A1CB-1907F12A557E}
	EndGlobalSection
EndGlobal
